version = 1
requires-python = ">=3.11"

[[package]]
name = "contratosdemadrid"
version = "0.1.0"
source = { virtual = "." }
dependencies = [
    { name = "duckdb" },
    { name = "playwright" },
]

[package.metadata]
requires-dist = [
    { name = "duckdb", specifier = ">=1.3.0" },
    { name = "playwright", specifier = ">=1.52.0" },
]

[[package]]
name = "duckdb"
version = "1.3.0"
source = { registry = "https://pypi.org/simple" }
sdist = { url = "https://files.pythonhosted.org/packages/3e/82/680b108da1870e48d98464ddcf03820f983421b5bbd8dd8beff98d583db7/duckdb-1.3.0.tar.gz", hash = "sha256:09aaa4b1dca24f4d1f231e7ae66b6413e317b7e04e2753541d42df6c8113fac7", size = 11617648 }
wheels = [
    { url = "https://files.pythonhosted.org/packages/48/a5/0a7dd8f256aa75e254717732905fb96858a9e54e881a5da0966b5760393a/duckdb-1.3.0-cp311-cp311-macosx_12_0_arm64.whl", hash = "sha256:60a58b85929754abb21db1e739d2f53eaef63e6015e62ba58eae3425030e7935", size = 15497894 },
    { url = "https://files.pythonhosted.org/packages/10/b9/5a2275f765f3ca6375797066bc3870bdc8dc3f4c91b84f4230709e012c50/duckdb-1.3.0-cp311-cp311-macosx_12_0_universal2.whl", hash = "sha256:1d46b5a20f078b1b2284243e02a1fde7e12cbb8d205fce62e4700bcfe6a09881", size = 32453581 },
    { url = "https://files.pythonhosted.org/packages/a4/f6/20da96bc7e3886cf424461a45de3f76247b7731a5f7552615bd31e73f1ac/duckdb-1.3.0-cp311-cp311-macosx_12_0_x86_64.whl", hash = "sha256:0044e5ffb2d46308099640a92f99980a44e12bb68642aa9e6b08acbf300d64a1", size = 17066778 },
    { url = "https://files.pythonhosted.org/packages/43/21/ffe5aeb9d32a49d2de6d368b3fe3e53c2246eccec916375d65c45dc58339/duckdb-1.3.0-cp311-cp311-manylinux_2_27_aarch64.manylinux_2_28_aarch64.whl", hash = "sha256:5cb813de2ca2f5e7c77392a67bdcaa174bfd69ebbfdfc983024af270c77a0447", size = 19122797 },
    { url = "https://files.pythonhosted.org/packages/60/0c/111dc4a3dcdd7007ca610e41a85634fbfa258ab960a6445e02872b67ab02/duckdb-1.3.0-cp311-cp311-manylinux_2_27_x86_64.manylinux_2_28_x86_64.whl", hash = "sha256:7a0c993eb6df2b30b189ad747f3aea1b0b87b78ab7f80c6e7c57117b6e8dbfb0", size = 21069430 },
    { url = "https://files.pythonhosted.org/packages/43/00/71c174b65f167af4d77aafa6a01445f08238e84dd679638836472f1141af/duckdb-1.3.0-cp311-cp311-musllinux_1_2_x86_64.whl", hash = "sha256:6728e209570d36ece66dd7249e5d6055326321137cd807f26300733283930cd4", size = 22720601 },
    { url = "https://files.pythonhosted.org/packages/2c/cb/c84a617f79bedb2220ea0b0a9826b2fb1a534568c5742789ca2c0812d465/duckdb-1.3.0-cp311-cp311-win_amd64.whl", hash = "sha256:7e652b7c8dbdb91a94fd7d543d3e115d24a25aa0791a373a852e20cb7bb21154", size = 11421756 },
    { url = "https://files.pythonhosted.org/packages/e4/b8/0931871f55a10aacd1af024c8d1e5de68337032379438aba05e26e9a1132/duckdb-1.3.0-cp312-cp312-macosx_12_0_arm64.whl", hash = "sha256:f24038fe9b83dcbaeafb1ed76ec3b3f38943c1c8d27ab464ad384db8a6658b61", size = 15516284 },
    { url = "https://files.pythonhosted.org/packages/af/d5/a08f76900391ff248b18fc1d5742db4b7bcf910c4be00314ce7b3069223f/duckdb-1.3.0-cp312-cp312-macosx_12_0_universal2.whl", hash = "sha256:956c85842841bef68f4a5388c6b225b933151a7c06d568390fc895fc44607913", size = 32490915 },
    { url = "https://files.pythonhosted.org/packages/05/f1/9dfa45484422bd6c598e76fb2d005de48373aea66b037471b4568c1e938a/duckdb-1.3.0-cp312-cp312-macosx_12_0_x86_64.whl", hash = "sha256:efe883d822ed56fcfbb6a7b397c13f6a0d2eaeb3bc4ef4510f84fadb3dfe416d", size = 17086690 },
    { url = "https://files.pythonhosted.org/packages/8e/4e/093944cbca2e4b3fe5da99c46df9f4ae293c6768f15f14a959aaa2064a50/duckdb-1.3.0-cp312-cp312-manylinux_2_27_aarch64.manylinux_2_28_aarch64.whl", hash = "sha256:3872a3a1b80ffba5264ea236a3754d0c41d3c7b01bdf8cdcb1c180fc1b8dc8e2", size = 19140518 },
    { url = "https://files.pythonhosted.org/packages/b0/9e/b1a7c086db03f3cc85c513e70034bd515e68e25013875e5f0b40c4bf5d0a/duckdb-1.3.0-cp312-cp312-manylinux_2_27_x86_64.manylinux_2_28_x86_64.whl", hash = "sha256:30bf45ad78a5a997f378863e036e917b481d18d685e5c977cd0a3faf2e31fbaf", size = 21103893 },
    { url = "https://files.pythonhosted.org/packages/5e/b4/5baef852efec9480dcfb44bed5adc56f6fcee09919037cf54fbbe87ac427/duckdb-1.3.0-cp312-cp312-musllinux_1_2_x86_64.whl", hash = "sha256:85cbd8e1d65df8a0780023baf5045d3033fabd154799bc9ea6d9ab5728f41eb3", size = 22753505 },
    { url = "https://files.pythonhosted.org/packages/36/4f/f7ab120ecd827fdff59f14e1de9771335aa7656a29c3259fa7949de1f276/duckdb-1.3.0-cp312-cp312-win_amd64.whl", hash = "sha256:8754c40dac0f26d9fb0363bbb5df02f7a61ce6a6728d5efc02c3bc925d7c89c3", size = 11424449 },
    { url = "https://files.pythonhosted.org/packages/32/d5/d2666a682cda7152d0f391067e0307eec3e913b3462d2b5b944a3aab4d1d/duckdb-1.3.0-cp313-cp313-macosx_12_0_arm64.whl", hash = "sha256:176b9818d940c52ac7f31c64a98cf172d7c19d2a006017c9c4e9c06c246e36bf", size = 15516004 },
    { url = "https://files.pythonhosted.org/packages/91/60/feb19a432c0b327b3d03171042acbafa688edb9a02f3034f7ae963d0f62d/duckdb-1.3.0-cp313-cp313-macosx_12_0_universal2.whl", hash = "sha256:03981f7e8793f07a4a9a2ba387640e71d0a99ebcaf8693ab09f96d59e628b713", size = 32490147 },
    { url = "https://files.pythonhosted.org/packages/07/f8/393beb10a24115347c8a4b75d59e6e1d49f7391722717a614bb71430673a/duckdb-1.3.0-cp313-cp313-macosx_12_0_x86_64.whl", hash = "sha256:a177d55a38a62fdf79b59a0eaa32531a1dbb443265f6d67f64992cc1e82b755c", size = 17086082 },
    { url = "https://files.pythonhosted.org/packages/71/45/da77973a7da7747385e16aa88c65a7b0e634585b5f7f92a6bb423838077c/duckdb-1.3.0-cp313-cp313-manylinux_2_27_aarch64.manylinux_2_28_aarch64.whl", hash = "sha256:b1c30e3749823147d5578bc3f01f35d1a0433a1c768908d946056ec8d6e1757e", size = 19141643 },
    { url = "https://files.pythonhosted.org/packages/db/51/adc86c800e7ecfe828e94cccc28ac727b54a886124da08e3808cf77bf1b9/duckdb-1.3.0-cp313-cp313-manylinux_2_27_x86_64.manylinux_2_28_x86_64.whl", hash = "sha256:5855f3a564baf22eeeab70c120b51f5a11914f1f1634f03382daeb6b1dea4c62", size = 21102444 },
    { url = "https://files.pythonhosted.org/packages/71/9d/ac3a6ddcaaf9bbd5584bb471794f017498326d11f754ee28b3c0a5c7aee8/duckdb-1.3.0-cp313-cp313-musllinux_1_2_x86_64.whl", hash = "sha256:9b1fac15a48056f7c2739cf8800873063ba2f691e91a9b2fc167658a401ca76a", size = 22752802 },
    { url = "https://files.pythonhosted.org/packages/ab/e9/f83285b0cb3729f24321a038f272490dfb76ca531b7cef832037b7bd077c/duckdb-1.3.0-cp313-cp313-win_amd64.whl", hash = "sha256:fbdfc1c0b83b90f780ae74038187ee696bb56ab727a289752372d7ec42dda65b", size = 11424430 },
]

[[package]]
name = "greenlet"
version = "3.2.2"
source = { registry = "https://pypi.org/simple" }
sdist = { url = "https://files.pythonhosted.org/packages/34/c1/a82edae11d46c0d83481aacaa1e578fea21d94a1ef400afd734d47ad95ad/greenlet-3.2.2.tar.gz", hash = "sha256:ad053d34421a2debba45aa3cc39acf454acbcd025b3fc1a9f8a0dee237abd485", size = 185797 }
wheels = [
    { url = "https://files.pythonhosted.org/packages/a3/9f/a47e19261747b562ce88219e5ed8c859d42c6e01e73da6fbfa3f08a7be13/greenlet-3.2.2-cp311-cp311-macosx_11_0_universal2.whl", hash = "sha256:dcb9cebbf3f62cb1e5afacae90761ccce0effb3adaa32339a0670fe7805d8068", size = 268635 },
    { url = "https://files.pythonhosted.org/packages/11/80/a0042b91b66975f82a914d515e81c1944a3023f2ce1ed7a9b22e10b46919/greenlet-3.2.2-cp311-cp311-manylinux_2_17_aarch64.manylinux2014_aarch64.whl", hash = "sha256:bf3fc9145141250907730886b031681dfcc0de1c158f3cc51c092223c0f381ce", size = 628786 },
    { url = "https://files.pythonhosted.org/packages/38/a2/8336bf1e691013f72a6ebab55da04db81a11f68e82bb691f434909fa1327/greenlet-3.2.2-cp311-cp311-manylinux_2_17_ppc64le.manylinux2014_ppc64le.whl", hash = "sha256:efcdfb9df109e8a3b475c016f60438fcd4be68cd13a365d42b35914cdab4bb2b", size = 640866 },
    { url = "https://files.pythonhosted.org/packages/f8/7e/f2a3a13e424670a5d08826dab7468fa5e403e0fbe0b5f951ff1bc4425b45/greenlet-3.2.2-cp311-cp311-manylinux_2_17_s390x.manylinux2014_s390x.whl", hash = "sha256:4bd139e4943547ce3a56ef4b8b1b9479f9e40bb47e72cc906f0f66b9d0d5cab3", size = 636752 },
    { url = "https://files.pythonhosted.org/packages/fd/5d/ce4a03a36d956dcc29b761283f084eb4a3863401c7cb505f113f73af8774/greenlet-3.2.2-cp311-cp311-manylinux_2_17_x86_64.manylinux2014_x86_64.whl", hash = "sha256:71566302219b17ca354eb274dfd29b8da3c268e41b646f330e324e3967546a74", size = 636028 },
    { url = "https://files.pythonhosted.org/packages/4b/29/b130946b57e3ceb039238413790dd3793c5e7b8e14a54968de1fe449a7cf/greenlet-3.2.2-cp311-cp311-manylinux_2_24_x86_64.manylinux_2_28_x86_64.whl", hash = "sha256:3091bc45e6b0c73f225374fefa1536cd91b1e987377b12ef5b19129b07d93ebe", size = 583869 },
    { url = "https://files.pythonhosted.org/packages/ac/30/9f538dfe7f87b90ecc75e589d20cbd71635531a617a336c386d775725a8b/greenlet-3.2.2-cp311-cp311-musllinux_1_1_aarch64.whl", hash = "sha256:44671c29da26539a5f142257eaba5110f71887c24d40df3ac87f1117df589e0e", size = 1112886 },
    { url = "https://files.pythonhosted.org/packages/be/92/4b7deeb1a1e9c32c1b59fdca1cac3175731c23311ddca2ea28a8b6ada91c/greenlet-3.2.2-cp311-cp311-musllinux_1_1_x86_64.whl", hash = "sha256:c23ea227847c9dbe0b3910f5c0dd95658b607137614eb821e6cbaecd60d81cc6", size = 1138355 },
    { url = "https://files.pythonhosted.org/packages/c5/eb/7551c751a2ea6498907b2fcbe31d7a54b602ba5e8eb9550a9695ca25d25c/greenlet-3.2.2-cp311-cp311-win_amd64.whl", hash = "sha256:0a16fb934fcabfdfacf21d79e6fed81809d8cd97bc1be9d9c89f0e4567143d7b", size = 295437 },
    { url = "https://files.pythonhosted.org/packages/2c/a1/88fdc6ce0df6ad361a30ed78d24c86ea32acb2b563f33e39e927b1da9ea0/greenlet-3.2.2-cp312-cp312-macosx_11_0_universal2.whl", hash = "sha256:df4d1509efd4977e6a844ac96d8be0b9e5aa5d5c77aa27ca9f4d3f92d3fcf330", size = 270413 },
    { url = "https://files.pythonhosted.org/packages/a6/2e/6c1caffd65490c68cd9bcec8cb7feb8ac7b27d38ba1fea121fdc1f2331dc/greenlet-3.2.2-cp312-cp312-manylinux_2_17_aarch64.manylinux2014_aarch64.whl", hash = "sha256:da956d534a6d1b9841f95ad0f18ace637668f680b1339ca4dcfb2c1837880a0b", size = 637242 },
    { url = "https://files.pythonhosted.org/packages/98/28/088af2cedf8823b6b7ab029a5626302af4ca1037cf8b998bed3a8d3cb9e2/greenlet-3.2.2-cp312-cp312-manylinux_2_17_ppc64le.manylinux2014_ppc64le.whl", hash = "sha256:9c7b15fb9b88d9ee07e076f5a683027bc3befd5bb5d25954bb633c385d8b737e", size = 651444 },
    { url = "https://files.pythonhosted.org/packages/4a/9f/0116ab876bb0bc7a81eadc21c3f02cd6100dcd25a1cf2a085a130a63a26a/greenlet-3.2.2-cp312-cp312-manylinux_2_17_s390x.manylinux2014_s390x.whl", hash = "sha256:752f0e79785e11180ebd2e726c8a88109ded3e2301d40abced2543aa5d164275", size = 646067 },
    { url = "https://files.pythonhosted.org/packages/35/17/bb8f9c9580e28a94a9575da847c257953d5eb6e39ca888239183320c1c28/greenlet-3.2.2-cp312-cp312-manylinux_2_17_x86_64.manylinux2014_x86_64.whl", hash = "sha256:9ae572c996ae4b5e122331e12bbb971ea49c08cc7c232d1bd43150800a2d6c65", size = 648153 },
    { url = "https://files.pythonhosted.org/packages/2c/ee/7f31b6f7021b8df6f7203b53b9cc741b939a2591dcc6d899d8042fcf66f2/greenlet-3.2.2-cp312-cp312-manylinux_2_24_x86_64.manylinux_2_28_x86_64.whl", hash = "sha256:02f5972ff02c9cf615357c17ab713737cccfd0eaf69b951084a9fd43f39833d3", size = 603865 },
    { url = "https://files.pythonhosted.org/packages/b5/2d/759fa59323b521c6f223276a4fc3d3719475dc9ae4c44c2fe7fc750f8de0/greenlet-3.2.2-cp312-cp312-musllinux_1_1_aarch64.whl", hash = "sha256:4fefc7aa68b34b9224490dfda2e70ccf2131368493add64b4ef2d372955c207e", size = 1119575 },
    { url = "https://files.pythonhosted.org/packages/30/05/356813470060bce0e81c3df63ab8cd1967c1ff6f5189760c1a4734d405ba/greenlet-3.2.2-cp312-cp312-musllinux_1_1_x86_64.whl", hash = "sha256:a31ead8411a027c2c4759113cf2bd473690517494f3d6e4bf67064589afcd3c5", size = 1147460 },
    { url = "https://files.pythonhosted.org/packages/07/f4/b2a26a309a04fb844c7406a4501331b9400e1dd7dd64d3450472fd47d2e1/greenlet-3.2.2-cp312-cp312-win_amd64.whl", hash = "sha256:b24c7844c0a0afc3ccbeb0b807adeefb7eff2b5599229ecedddcfeb0ef333bec", size = 296239 },
    { url = "https://files.pythonhosted.org/packages/89/30/97b49779fff8601af20972a62cc4af0c497c1504dfbb3e93be218e093f21/greenlet-3.2.2-cp313-cp313-macosx_11_0_universal2.whl", hash = "sha256:3ab7194ee290302ca15449f601036007873028712e92ca15fc76597a0aeb4c59", size = 269150 },
    { url = "https://files.pythonhosted.org/packages/21/30/877245def4220f684bc2e01df1c2e782c164e84b32e07373992f14a2d107/greenlet-3.2.2-cp313-cp313-manylinux_2_17_aarch64.manylinux2014_aarch64.whl", hash = "sha256:2dc5c43bb65ec3669452af0ab10729e8fdc17f87a1f2ad7ec65d4aaaefabf6bf", size = 637381 },
    { url = "https://files.pythonhosted.org/packages/8e/16/adf937908e1f913856b5371c1d8bdaef5f58f251d714085abeea73ecc471/greenlet-3.2.2-cp313-cp313-manylinux_2_17_ppc64le.manylinux2014_ppc64le.whl", hash = "sha256:decb0658ec19e5c1f519faa9a160c0fc85a41a7e6654b3ce1b44b939f8bf1325", size = 651427 },
    { url = "https://files.pythonhosted.org/packages/ad/49/6d79f58fa695b618654adac64e56aff2eeb13344dc28259af8f505662bb1/greenlet-3.2.2-cp313-cp313-manylinux_2_17_s390x.manylinux2014_s390x.whl", hash = "sha256:6fadd183186db360b61cb34e81117a096bff91c072929cd1b529eb20dd46e6c5", size = 645795 },
    { url = "https://files.pythonhosted.org/packages/5a/e6/28ed5cb929c6b2f001e96b1d0698c622976cd8f1e41fe7ebc047fa7c6dd4/greenlet-3.2.2-cp313-cp313-manylinux_2_17_x86_64.manylinux2014_x86_64.whl", hash = "sha256:1919cbdc1c53ef739c94cf2985056bcc0838c1f217b57647cbf4578576c63825", size = 648398 },
    { url = "https://files.pythonhosted.org/packages/9d/70/b200194e25ae86bc57077f695b6cc47ee3118becf54130c5514456cf8dac/greenlet-3.2.2-cp313-cp313-manylinux_2_24_x86_64.manylinux_2_28_x86_64.whl", hash = "sha256:3885f85b61798f4192d544aac7b25a04ece5fe2704670b4ab73c2d2c14ab740d", size = 606795 },
    { url = "https://files.pythonhosted.org/packages/f8/c8/ba1def67513a941154ed8f9477ae6e5a03f645be6b507d3930f72ed508d3/greenlet-3.2.2-cp313-cp313-musllinux_1_1_aarch64.whl", hash = "sha256:85f3e248507125bf4af607a26fd6cb8578776197bd4b66e35229cdf5acf1dfbf", size = 1117976 },
    { url = "https://files.pythonhosted.org/packages/c3/30/d0e88c1cfcc1b3331d63c2b54a0a3a4a950ef202fb8b92e772ca714a9221/greenlet-3.2.2-cp313-cp313-musllinux_1_1_x86_64.whl", hash = "sha256:1e76106b6fc55fa3d6fe1c527f95ee65e324a13b62e243f77b48317346559708", size = 1145509 },
    { url = "https://files.pythonhosted.org/packages/90/2e/59d6491834b6e289051b252cf4776d16da51c7c6ca6a87ff97e3a50aa0cd/greenlet-3.2.2-cp313-cp313-win_amd64.whl", hash = "sha256:fe46d4f8e94e637634d54477b0cfabcf93c53f29eedcbdeecaf2af32029b4421", size = 296023 },
    { url = "https://files.pythonhosted.org/packages/65/66/8a73aace5a5335a1cba56d0da71b7bd93e450f17d372c5b7c5fa547557e9/greenlet-3.2.2-cp313-cp313t-manylinux_2_17_aarch64.manylinux2014_aarch64.whl", hash = "sha256:ba30e88607fb6990544d84caf3c706c4b48f629e18853fc6a646f82db9629418", size = 629911 },
    { url = "https://files.pythonhosted.org/packages/48/08/c8b8ebac4e0c95dcc68ec99198842e7db53eda4ab3fb0a4e785690883991/greenlet-3.2.2-cp313-cp313t-manylinux_2_17_ppc64le.manylinux2014_ppc64le.whl", hash = "sha256:055916fafad3e3388d27dd68517478933a97edc2fc54ae79d3bec827de2c64c4", size = 635251 },
    { url = "https://files.pythonhosted.org/packages/37/26/7db30868f73e86b9125264d2959acabea132b444b88185ba5c462cb8e571/greenlet-3.2.2-cp313-cp313t-manylinux_2_17_s390x.manylinux2014_s390x.whl", hash = "sha256:2593283bf81ca37d27d110956b79e8723f9aa50c4bcdc29d3c0543d4743d2763", size = 632620 },
    { url = "https://files.pythonhosted.org/packages/10/ec/718a3bd56249e729016b0b69bee4adea0dfccf6ca43d147ef3b21edbca16/greenlet-3.2.2-cp313-cp313t-manylinux_2_17_x86_64.manylinux2014_x86_64.whl", hash = "sha256:89c69e9a10670eb7a66b8cef6354c24671ba241f46152dd3eed447f79c29fb5b", size = 628851 },
    { url = "https://files.pythonhosted.org/packages/9b/9d/d1c79286a76bc62ccdc1387291464af16a4204ea717f24e77b0acd623b99/greenlet-3.2.2-cp313-cp313t-manylinux_2_24_x86_64.manylinux_2_28_x86_64.whl", hash = "sha256:02a98600899ca1ca5d3a2590974c9e3ec259503b2d6ba6527605fcd74e08e207", size = 593718 },
    { url = "https://files.pythonhosted.org/packages/cd/41/96ba2bf948f67b245784cd294b84e3d17933597dffd3acdb367a210d1949/greenlet-3.2.2-cp313-cp313t-musllinux_1_1_aarch64.whl", hash = "sha256:b50a8c5c162469c3209e5ec92ee4f95c8231b11db6a04db09bbe338176723bb8", size = 1105752 },
    { url = "https://files.pythonhosted.org/packages/68/3b/3b97f9d33c1f2eb081759da62bd6162159db260f602f048bc2f36b4c453e/greenlet-3.2.2-cp313-cp313t-musllinux_1_1_x86_64.whl", hash = "sha256:45f9f4853fb4cc46783085261c9ec4706628f3b57de3e68bae03e8f8b3c0de51", size = 1125170 },
    { url = "https://files.pythonhosted.org/packages/31/df/b7d17d66c8d0f578d2885a3d8f565e9e4725eacc9d3fdc946d0031c055c4/greenlet-3.2.2-cp314-cp314-macosx_11_0_universal2.whl", hash = "sha256:9ea5231428af34226c05f927e16fc7f6fa5e39e3ad3cd24ffa48ba53a47f4240", size = 269899 },
]

[[package]]
name = "playwright"
version = "1.52.0"
source = { registry = "https://pypi.org/simple" }
dependencies = [
    { name = "greenlet" },
    { name = "pyee" },
]
wheels = [
    { url = "https://files.pythonhosted.org/packages/1e/62/a20240605485ca99365a8b72ed95e0b4c5739a13fb986353f72d8d3f1d27/playwright-1.52.0-py3-none-macosx_10_13_x86_64.whl", hash = "sha256:19b2cb9d4794062008a635a99bd135b03ebb782d460f96534a91cb583f549512", size = 39611246 },
    { url = "https://files.pythonhosted.org/packages/dc/23/57ff081663b3061a2a3f0e111713046f705da2595f2f384488a76e4db732/playwright-1.52.0-py3-none-macosx_11_0_arm64.whl", hash = "sha256:0797c0479cbdc99607412a3c486a3a2ec9ddc77ac461259fd2878c975bcbb94a", size = 37962977 },
    { url = "https://files.pythonhosted.org/packages/a2/ff/eee8532cff4b3d768768152e8c4f30d3caa80f2969bf3143f4371d377b74/playwright-1.52.0-py3-none-macosx_11_0_universal2.whl", hash = "sha256:7223960b7dd7ddeec1ba378c302d1d09733b8dac438f492e9854c85d3ca7144f", size = 39611247 },
    { url = "https://files.pythonhosted.org/packages/73/c6/8e27af9798f81465b299741ef57064c6ec1a31128ed297406469907dc5a4/playwright-1.52.0-py3-none-manylinux1_x86_64.whl", hash = "sha256:d010124d24a321e0489a8c0d38a3971a7ca7656becea7656c9376bfea7f916d4", size = 45141333 },
    { url = "https://files.pythonhosted.org/packages/4e/e9/0661d343ed55860bcfb8934ce10e9597fc953358773ece507b22b0f35c57/playwright-1.52.0-py3-none-manylinux_2_17_aarch64.manylinux2014_aarch64.whl", hash = "sha256:4173e453c43180acc60fd77ffe1ebee8d0efbfd9986c03267007b9c3845415af", size = 44540623 },
    { url = "https://files.pythonhosted.org/packages/7a/81/a850dbc6bc2e1bd6cc87341e59c253269602352de83d34b00ea38cf410ee/playwright-1.52.0-py3-none-win32.whl", hash = "sha256:cd0bdf92df99db6237a99f828e80a6a50db6180ef8d5352fc9495df2c92f9971", size = 34839156 },
    { url = "https://files.pythonhosted.org/packages/51/f3/cca2aa84eb28ea7d5b85d16caa92d62d18b6e83636e3d67957daca1ee4c7/playwright-1.52.0-py3-none-win_amd64.whl", hash = "sha256:dcbf75101eba3066b7521c6519de58721ea44379eb17a0dafa94f9f1b17f59e4", size = 34839164 },
    { url = "https://files.pythonhosted.org/packages/b5/4f/71a8a873e8c3c3e2d3ec03a578e546f6875be8a76214d90219f752f827cd/playwright-1.52.0-py3-none-win_arm64.whl", hash = "sha256:9d0085b8de513de5fb50669f8e6677f0252ef95a9a1d2d23ccee9638e71e65cb", size = 30688972 },
]

[[package]]
name = "pyee"
version = "13.0.0"
source = { registry = "https://pypi.org/simple" }
dependencies = [
    { name = "typing-extensions" },
]
sdist = { url = "https://files.pythonhosted.org/packages/95/03/1fd98d5841cd7964a27d729ccf2199602fe05eb7a405c1462eb7277945ed/pyee-13.0.0.tar.gz", hash = "sha256:b391e3c5a434d1f5118a25615001dbc8f669cf410ab67d04c4d4e07c55481c37", size = 31250 }
wheels = [
    { url = "https://files.pythonhosted.org/packages/9b/4d/b9add7c84060d4c1906abe9a7e5359f2a60f7a9a4f67268b2766673427d8/pyee-13.0.0-py3-none-any.whl", hash = "sha256:48195a3cddb3b1515ce0695ed76036b5ccc2ef3a9f963ff9f77aec0139845498", size = 15730 },
]

[[package]]
name = "typing-extensions"
version = "4.13.2"
source = { registry = "https://pypi.org/simple" }
sdist = { url = "https://files.pythonhosted.org/packages/f6/37/23083fcd6e35492953e8d2aaaa68b860eb422b34627b13f2ce3eb6106061/typing_extensions-4.13.2.tar.gz", hash = "sha256:e6c81219bd689f51865d9e372991c540bda33a0379d5573cddb9a3a23f7caaef", size = 106967 }
wheels = [
    { url = "https://files.pythonhosted.org/packages/8b/54/b1ae86c0973cc6f0210b53d508ca3641fb6d0c56823f288d108bc7ab3cc8/typing_extensions-4.13.2-py3-none-any.whl", hash = "sha256:a439e7c04b49fec3e5d3e2beaa21755cadbbdc391694e28ccdd36ca4a1408f8c", size = 45806 },
]
